
Microsoft Visual Studio Solution File, Format Version 12.00
# Visual Studio 14
VisualStudioVersion = 14.0.24720.0
MinimumVisualStudioVersion = 10.0.40219.1
Project("{FAE04EC0-301F-11D3-BF4B-00C04F79EFBC}") = "Pokemon.3D.Server.Client.Updater", "Pokemon.3D.Server.Client.Updater\Pokemon.3D.Server.Client.Updater.csproj", "{6B462F07-FB93-4ABF-A7A3-454E570AE2B8}"
EndProject
Project("{FAE04EC0-301F-11D3-BF4B-00C04F79EFBC}") = "Pokemon.3D.Server.Core", "Pokemon.3D.Server.Core\Pokemon.3D.Server.Core.csproj", "{332AADB0-98CE-4FD6-A63A-577FDAA7C9EC}"
EndProject
Project("{FAE04EC0-301F-11D3-BF4B-00C04F79EFBC}") = "Pokemon.3D.Server.Client.GUI", "Pokemon.3D.Server.Client.GUI\Pokemon.3D.Server.Client.GUI.csproj", "{4A4B2EEF-A7E4-4ADC-9BA8-5926C67FA560}"
EndProject
Project("{FAE04EC0-301F-11D3-BF4B-00C04F79EFBC}") = "Aragas.Core", "Aragas.Core\Aragas.Core.csproj", "{468D9D51-DFE7-47A8-B0D6-52D035FC714D}"
EndProject
Project("{FAE04EC0-301F-11D3-BF4B-00C04F79EFBC}") = "PokeD.Core", "PokeD.Core\PokeD.Core.csproj", "{1CF84E56-3BBE-4A3A-9234-5951BF2558C3}"
EndProject
Project("{FAE04EC0-301F-11D3-BF4B-00C04F79EFBC}") = "SmartThreadPool", "SmartThreadPool\SmartThreadPool\SmartThreadPool.csproj", "{74D4C33F-7CC8-4B2A-A7DF-D8B6E63B6EBD}"
EndProject
Global
	GlobalSection(SolutionConfigurationPlatforms) = preSolution
		Debug|Any CPU = Debug|Any CPU
		Debug|Mixed Platforms = Debug|Mixed Platforms
		Debug|x86 = Debug|x86
		DebugKopiLua|Any CPU = DebugKopiLua|Any CPU
		DebugKopiLua|Mixed Platforms = DebugKopiLua|Mixed Platforms
		DebugKopiLua|x86 = DebugKopiLua|x86
		DebugWin|Any CPU = DebugWin|Any CPU
		DebugWin|Mixed Platforms = DebugWin|Mixed Platforms
		DebugWin|x86 = DebugWin|x86
		Publish|Any CPU = Publish|Any CPU
		Publish|Mixed Platforms = Publish|Mixed Platforms
		Publish|x86 = Publish|x86
		Release|Any CPU = Release|Any CPU
		Release|Mixed Platforms = Release|Mixed Platforms
		Release|x86 = Release|x86
		ReleaseKopiLua|Any CPU = ReleaseKopiLua|Any CPU
		ReleaseKopiLua|Mixed Platforms = ReleaseKopiLua|Mixed Platforms
		ReleaseKopiLua|x86 = ReleaseKopiLua|x86
		ReleaseWin|Any CPU = ReleaseWin|Any CPU
		ReleaseWin|Mixed Platforms = ReleaseWin|Mixed Platforms
		ReleaseWin|x86 = ReleaseWin|x86
	EndGlobalSection
	GlobalSection(ProjectConfigurationPlatforms) = postSolution
		{6B462F07-FB93-4ABF-A7A3-454E570AE2B8}.Debug|Any CPU.ActiveCfg = Debug|Any CPU
		{6B462F07-FB93-4ABF-A7A3-454E570AE2B8}.Debug|Any CPU.Build.0 = Debug|Any CPU
		{6B462F07-FB93-4ABF-A7A3-454E570AE2B8}.Debug|Mixed Platforms.ActiveCfg = Debug|Any CPU
		{6B462F07-FB93-4ABF-A7A3-454E570AE2B8}.Debug|Mixed Platforms.Build.0 = Debug|Any CPU
		{6B462F07-FB93-4ABF-A7A3-454E570AE2B8}.Debug|x86.ActiveCfg = Debug|Any CPU
		{6B462F07-FB93-4ABF-A7A3-454E570AE2B8}.Debug|x86.Build.0 = Debug|Any CPU
		{6B462F07-FB93-4ABF-A7A3-454E570AE2B8}.DebugKopiLua|Any CPU.ActiveCfg = Debug|Any CPU
		{6B462F07-FB93-4ABF-A7A3-454E570AE2B8}.DebugKopiLua|Any CPU.Build.0 = Debug|Any CPU
		{6B462F07-FB93-4ABF-A7A3-454E570AE2B8}.DebugKopiLua|Mixed Platforms.ActiveCfg = Debug|Any CPU
		{6B462F07-FB93-4ABF-A7A3-454E570AE2B8}.DebugKopiLua|Mixed Platforms.Build.0 = Debug|Any CPU
		{6B462F07-FB93-4ABF-A7A3-454E570AE2B8}.DebugKopiLua|x86.ActiveCfg = Debug|Any CPU
		{6B462F07-FB93-4ABF-A7A3-454E570AE2B8}.DebugKopiLua|x86.Build.0 = Debug|Any CPU
		{6B462F07-FB93-4ABF-A7A3-454E570AE2B8}.DebugWin|Any CPU.ActiveCfg = Debug|Any CPU
		{6B462F07-FB93-4ABF-A7A3-454E570AE2B8}.DebugWin|Any CPU.Build.0 = Debug|Any CPU
		{6B462F07-FB93-4ABF-A7A3-454E570AE2B8}.DebugWin|Mixed Platforms.ActiveCfg = Debug|Any CPU
		{6B462F07-FB93-4ABF-A7A3-454E570AE2B8}.DebugWin|Mixed Platforms.Build.0 = Debug|Any CPU
		{6B462F07-FB93-4ABF-A7A3-454E570AE2B8}.DebugWin|x86.ActiveCfg = Debug|Any CPU
		{6B462F07-FB93-4ABF-A7A3-454E570AE2B8}.DebugWin|x86.Build.0 = Debug|Any CPU
		{6B462F07-FB93-4ABF-A7A3-454E570AE2B8}.Publish|Any CPU.ActiveCfg = Release|Any CPU
		{6B462F07-FB93-4ABF-A7A3-454E570AE2B8}.Publish|Any CPU.Build.0 = Release|Any CPU
		{6B462F07-FB93-4ABF-A7A3-454E570AE2B8}.Publish|Mixed Platforms.ActiveCfg = Release|Any CPU
		{6B462F07-FB93-4ABF-A7A3-454E570AE2B8}.Publish|Mixed Platforms.Build.0 = Release|Any CPU
		{6B462F07-FB93-4ABF-A7A3-454E570AE2B8}.Publish|x86.ActiveCfg = Release|Any CPU
		{6B462F07-FB93-4ABF-A7A3-454E570AE2B8}.Publish|x86.Build.0 = Release|Any CPU
		{6B462F07-FB93-4ABF-A7A3-454E570AE2B8}.Release|Any CPU.ActiveCfg = Release|Any CPU
		{6B462F07-FB93-4ABF-A7A3-454E570AE2B8}.Release|Any CPU.Build.0 = Release|Any CPU
		{6B462F07-FB93-4ABF-A7A3-454E570AE2B8}.Release|Mixed Platforms.ActiveCfg = Release|Any CPU
		{6B462F07-FB93-4ABF-A7A3-454E570AE2B8}.Release|Mixed Platforms.Build.0 = Release|Any CPU
		{6B462F07-FB93-4ABF-A7A3-454E570AE2B8}.Release|x86.ActiveCfg = Release|Any CPU
		{6B462F07-FB93-4ABF-A7A3-454E570AE2B8}.Release|x86.Build.0 = Release|Any CPU
		{6B462F07-FB93-4ABF-A7A3-454E570AE2B8}.ReleaseKopiLua|Any CPU.ActiveCfg = Release|Any CPU
		{6B462F07-FB93-4ABF-A7A3-454E570AE2B8}.ReleaseKopiLua|Any CPU.Build.0 = Release|Any CPU
		{6B462F07-FB93-4ABF-A7A3-454E570AE2B8}.ReleaseKopiLua|Mixed Platforms.ActiveCfg = Release|Any CPU
		{6B462F07-FB93-4ABF-A7A3-454E570AE2B8}.ReleaseKopiLua|Mixed Platforms.Build.0 = Release|Any CPU
		{6B462F07-FB93-4ABF-A7A3-454E570AE2B8}.ReleaseKopiLua|x86.ActiveCfg = Release|Any CPU
		{6B462F07-FB93-4ABF-A7A3-454E570AE2B8}.ReleaseKopiLua|x86.Build.0 = Release|Any CPU
		{6B462F07-FB93-4ABF-A7A3-454E570AE2B8}.ReleaseWin|Any CPU.ActiveCfg = Release|Any CPU
		{6B462F07-FB93-4ABF-A7A3-454E570AE2B8}.ReleaseWin|Any CPU.Build.0 = Release|Any CPU
		{6B462F07-FB93-4ABF-A7A3-454E570AE2B8}.ReleaseWin|Mixed Platforms.ActiveCfg = Release|Any CPU
		{6B462F07-FB93-4ABF-A7A3-454E570AE2B8}.ReleaseWin|Mixed Platforms.Build.0 = Release|Any CPU
		{6B462F07-FB93-4ABF-A7A3-454E570AE2B8}.ReleaseWin|x86.ActiveCfg = Release|Any CPU
		{6B462F07-FB93-4ABF-A7A3-454E570AE2B8}.ReleaseWin|x86.Build.0 = Release|Any CPU
		{332AADB0-98CE-4FD6-A63A-577FDAA7C9EC}.Debug|Any CPU.ActiveCfg = Debug|Any CPU
		{332AADB0-98CE-4FD6-A63A-577FDAA7C9EC}.Debug|Any CPU.Build.0 = Debug|Any CPU
		{332AADB0-98CE-4FD6-A63A-577FDAA7C9EC}.Debug|Mixed Platforms.ActiveCfg = Debug|Any CPU
		{332AADB0-98CE-4FD6-A63A-577FDAA7C9EC}.Debug|Mixed Platforms.Build.0 = Debug|Any CPU
		{332AADB0-98CE-4FD6-A63A-577FDAA7C9EC}.Debug|x86.ActiveCfg = Debug|Any CPU
		{332AADB0-98CE-4FD6-A63A-577FDAA7C9EC}.Debug|x86.Build.0 = Debug|Any CPU
		{332AADB0-98CE-4FD6-A63A-577FDAA7C9EC}.DebugKopiLua|Any CPU.ActiveCfg = Debug|Any CPU
		{332AADB0-98CE-4FD6-A63A-577FDAA7C9EC}.DebugKopiLua|Any CPU.Build.0 = Debug|Any CPU
		{332AADB0-98CE-4FD6-A63A-577FDAA7C9EC}.DebugKopiLua|Mixed Platforms.ActiveCfg = Debug|Any CPU
		{332AADB0-98CE-4FD6-A63A-577FDAA7C9EC}.DebugKopiLua|Mixed Platforms.Build.0 = Debug|Any CPU
		{332AADB0-98CE-4FD6-A63A-577FDAA7C9EC}.DebugKopiLua|x86.ActiveCfg = Debug|Any CPU
		{332AADB0-98CE-4FD6-A63A-577FDAA7C9EC}.DebugKopiLua|x86.Build.0 = Debug|Any CPU
		{332AADB0-98CE-4FD6-A63A-577FDAA7C9EC}.DebugWin|Any CPU.ActiveCfg = Debug|Any CPU
		{332AADB0-98CE-4FD6-A63A-577FDAA7C9EC}.DebugWin|Any CPU.Build.0 = Debug|Any CPU
		{332AADB0-98CE-4FD6-A63A-577FDAA7C9EC}.DebugWin|Mixed Platforms.ActiveCfg = Debug|Any CPU
		{332AADB0-98CE-4FD6-A63A-577FDAA7C9EC}.DebugWin|Mixed Platforms.Build.0 = Debug|Any CPU
		{332AADB0-98CE-4FD6-A63A-577FDAA7C9EC}.DebugWin|x86.ActiveCfg = Debug|Any CPU
		{332AADB0-98CE-4FD6-A63A-577FDAA7C9EC}.DebugWin|x86.Build.0 = Debug|Any CPU
		{332AADB0-98CE-4FD6-A63A-577FDAA7C9EC}.Publish|Any CPU.ActiveCfg = Release|Any CPU
		{332AADB0-98CE-4FD6-A63A-577FDAA7C9EC}.Publish|Any CPU.Build.0 = Release|Any CPU
		{332AADB0-98CE-4FD6-A63A-577FDAA7C9EC}.Publish|Mixed Platforms.ActiveCfg = Release|Any CPU
		{332AADB0-98CE-4FD6-A63A-577FDAA7C9EC}.Publish|Mixed Platforms.Build.0 = Release|Any CPU
		{332AADB0-98CE-4FD6-A63A-577FDAA7C9EC}.Publish|x86.ActiveCfg = Release|Any CPU
		{332AADB0-98CE-4FD6-A63A-577FDAA7C9EC}.Publish|x86.Build.0 = Release|Any CPU
		{332AADB0-98CE-4FD6-A63A-577FDAA7C9EC}.Release|Any CPU.ActiveCfg = Release|Any CPU
		{332AADB0-98CE-4FD6-A63A-577FDAA7C9EC}.Release|Any CPU.Build.0 = Release|Any CPU
		{332AADB0-98CE-4FD6-A63A-577FDAA7C9EC}.Release|Mixed Platforms.ActiveCfg = Release|Any CPU
		{332AADB0-98CE-4FD6-A63A-577FDAA7C9EC}.Release|Mixed Platforms.Build.0 = Release|Any CPU
		{332AADB0-98CE-4FD6-A63A-577FDAA7C9EC}.Release|x86.ActiveCfg = Release|Any CPU
		{332AADB0-98CE-4FD6-A63A-577FDAA7C9EC}.Release|x86.Build.0 = Release|Any CPU
		{332AADB0-98CE-4FD6-A63A-577FDAA7C9EC}.ReleaseKopiLua|Any CPU.ActiveCfg = Release|Any CPU
		{332AADB0-98CE-4FD6-A63A-577FDAA7C9EC}.ReleaseKopiLua|Any CPU.Build.0 = Release|Any CPU
		{332AADB0-98CE-4FD6-A63A-577FDAA7C9EC}.ReleaseKopiLua|Mixed Platforms.ActiveCfg = Release|Any CPU
		{332AADB0-98CE-4FD6-A63A-577FDAA7C9EC}.ReleaseKopiLua|Mixed Platforms.Build.0 = Release|Any CPU
		{332AADB0-98CE-4FD6-A63A-577FDAA7C9EC}.ReleaseKopiLua|x86.ActiveCfg = Release|Any CPU
		{332AADB0-98CE-4FD6-A63A-577FDAA7C9EC}.ReleaseKopiLua|x86.Build.0 = Release|Any CPU
		{332AADB0-98CE-4FD6-A63A-577FDAA7C9EC}.ReleaseWin|Any CPU.ActiveCfg = Release|Any CPU
		{332AADB0-98CE-4FD6-A63A-577FDAA7C9EC}.ReleaseWin|Any CPU.Build.0 = Release|Any CPU
		{332AADB0-98CE-4FD6-A63A-577FDAA7C9EC}.ReleaseWin|Mixed Platforms.ActiveCfg = Release|Any CPU
		{332AADB0-98CE-4FD6-A63A-577FDAA7C9EC}.ReleaseWin|Mixed Platforms.Build.0 = Release|Any CPU
		{332AADB0-98CE-4FD6-A63A-577FDAA7C9EC}.ReleaseWin|x86.ActiveCfg = Release|Any CPU
		{332AADB0-98CE-4FD6-A63A-577FDAA7C9EC}.ReleaseWin|x86.Build.0 = Release|Any CPU
		{4A4B2EEF-A7E4-4ADC-9BA8-5926C67FA560}.Debug|Any CPU.ActiveCfg = Debug|Any CPU
		{4A4B2EEF-A7E4-4ADC-9BA8-5926C67FA560}.Debug|Any CPU.Build.0 = Debug|Any CPU
		{4A4B2EEF-A7E4-4ADC-9BA8-5926C67FA560}.Debug|Mixed Platforms.ActiveCfg = Debug|Any CPU
		{4A4B2EEF-A7E4-4ADC-9BA8-5926C67FA560}.Debug|Mixed Platforms.Build.0 = Debug|Any CPU
		{4A4B2EEF-A7E4-4ADC-9BA8-5926C67FA560}.Debug|x86.ActiveCfg = Debug|Any CPU
		{4A4B2EEF-A7E4-4ADC-9BA8-5926C67FA560}.Debug|x86.Build.0 = Debug|Any CPU
		{4A4B2EEF-A7E4-4ADC-9BA8-5926C67FA560}.DebugKopiLua|Any CPU.ActiveCfg = Debug|Any CPU
		{4A4B2EEF-A7E4-4ADC-9BA8-5926C67FA560}.DebugKopiLua|Any CPU.Build.0 = Debug|Any CPU
		{4A4B2EEF-A7E4-4ADC-9BA8-5926C67FA560}.DebugKopiLua|Mixed Platforms.ActiveCfg = Debug|Any CPU
		{4A4B2EEF-A7E4-4ADC-9BA8-5926C67FA560}.DebugKopiLua|Mixed Platforms.Build.0 = Debug|Any CPU
		{4A4B2EEF-A7E4-4ADC-9BA8-5926C67FA560}.DebugKopiLua|x86.ActiveCfg = Debug|Any CPU
		{4A4B2EEF-A7E4-4ADC-9BA8-5926C67FA560}.DebugKopiLua|x86.Build.0 = Debug|Any CPU
		{4A4B2EEF-A7E4-4ADC-9BA8-5926C67FA560}.DebugWin|Any CPU.ActiveCfg = Debug|Any CPU
		{4A4B2EEF-A7E4-4ADC-9BA8-5926C67FA560}.DebugWin|Any CPU.Build.0 = Debug|Any CPU
		{4A4B2EEF-A7E4-4ADC-9BA8-5926C67FA560}.DebugWin|Mixed Platforms.ActiveCfg = Debug|Any CPU
		{4A4B2EEF-A7E4-4ADC-9BA8-5926C67FA560}.DebugWin|Mixed Platforms.Build.0 = Debug|Any CPU
		{4A4B2EEF-A7E4-4ADC-9BA8-5926C67FA560}.DebugWin|x86.ActiveCfg = Debug|Any CPU
		{4A4B2EEF-A7E4-4ADC-9BA8-5926C67FA560}.DebugWin|x86.Build.0 = Debug|Any CPU
		{4A4B2EEF-A7E4-4ADC-9BA8-5926C67FA560}.Publish|Any CPU.ActiveCfg = Release|Any CPU
		{4A4B2EEF-A7E4-4ADC-9BA8-5926C67FA560}.Publish|Any CPU.Build.0 = Release|Any CPU
		{4A4B2EEF-A7E4-4ADC-9BA8-5926C67FA560}.Publish|Mixed Platforms.ActiveCfg = Release|Any CPU
		{4A4B2EEF-A7E4-4ADC-9BA8-5926C67FA560}.Publish|Mixed Platforms.Build.0 = Release|Any CPU
		{4A4B2EEF-A7E4-4ADC-9BA8-5926C67FA560}.Publish|x86.ActiveCfg = Release|Any CPU
		{4A4B2EEF-A7E4-4ADC-9BA8-5926C67FA560}.Publish|x86.Build.0 = Release|Any CPU
		{4A4B2EEF-A7E4-4ADC-9BA8-5926C67FA560}.Release|Any CPU.ActiveCfg = Release|Any CPU
		{4A4B2EEF-A7E4-4ADC-9BA8-5926C67FA560}.Release|Any CPU.Build.0 = Release|Any CPU
		{4A4B2EEF-A7E4-4ADC-9BA8-5926C67FA560}.Release|Mixed Platforms.ActiveCfg = Release|Any CPU
		{4A4B2EEF-A7E4-4ADC-9BA8-5926C67FA560}.Release|Mixed Platforms.Build.0 = Release|Any CPU
		{4A4B2EEF-A7E4-4ADC-9BA8-5926C67FA560}.Release|x86.ActiveCfg = Release|Any CPU
		{4A4B2EEF-A7E4-4ADC-9BA8-5926C67FA560}.Release|x86.Build.0 = Release|Any CPU
		{4A4B2EEF-A7E4-4ADC-9BA8-5926C67FA560}.ReleaseKopiLua|Any CPU.ActiveCfg = Release|Any CPU
		{4A4B2EEF-A7E4-4ADC-9BA8-5926C67FA560}.ReleaseKopiLua|Any CPU.Build.0 = Release|Any CPU
		{4A4B2EEF-A7E4-4ADC-9BA8-5926C67FA560}.ReleaseKopiLua|Mixed Platforms.ActiveCfg = Release|Any CPU
		{4A4B2EEF-A7E4-4ADC-9BA8-5926C67FA560}.ReleaseKopiLua|Mixed Platforms.Build.0 = Release|Any CPU
		{4A4B2EEF-A7E4-4ADC-9BA8-5926C67FA560}.ReleaseKopiLua|x86.ActiveCfg = Release|Any CPU
		{4A4B2EEF-A7E4-4ADC-9BA8-5926C67FA560}.ReleaseKopiLua|x86.Build.0 = Release|Any CPU
		{4A4B2EEF-A7E4-4ADC-9BA8-5926C67FA560}.ReleaseWin|Any CPU.ActiveCfg = Release|Any CPU
		{4A4B2EEF-A7E4-4ADC-9BA8-5926C67FA560}.ReleaseWin|Any CPU.Build.0 = Release|Any CPU
		{4A4B2EEF-A7E4-4ADC-9BA8-5926C67FA560}.ReleaseWin|Mixed Platforms.ActiveCfg = Release|Any CPU
		{4A4B2EEF-A7E4-4ADC-9BA8-5926C67FA560}.ReleaseWin|Mixed Platforms.Build.0 = Release|Any CPU
		{4A4B2EEF-A7E4-4ADC-9BA8-5926C67FA560}.ReleaseWin|x86.ActiveCfg = Release|Any CPU
		{4A4B2EEF-A7E4-4ADC-9BA8-5926C67FA560}.ReleaseWin|x86.Build.0 = Release|Any CPU
		{468D9D51-DFE7-47A8-B0D6-52D035FC714D}.Debug|Any CPU.ActiveCfg = Debug|Any CPU
		{468D9D51-DFE7-47A8-B0D6-52D035FC714D}.Debug|Any CPU.Build.0 = Debug|Any CPU
		{468D9D51-DFE7-47A8-B0D6-52D035FC714D}.Debug|Mixed Platforms.ActiveCfg = Debug|Any CPU
		{468D9D51-DFE7-47A8-B0D6-52D035FC714D}.Debug|Mixed Platforms.Build.0 = Debug|Any CPU
		{468D9D51-DFE7-47A8-B0D6-52D035FC714D}.Debug|x86.ActiveCfg = Debug|Any CPU
		{468D9D51-DFE7-47A8-B0D6-52D035FC714D}.Debug|x86.Build.0 = Debug|Any CPU
		{468D9D51-DFE7-47A8-B0D6-52D035FC714D}.DebugKopiLua|Any CPU.ActiveCfg = Debug|Any CPU
		{468D9D51-DFE7-47A8-B0D6-52D035FC714D}.DebugKopiLua|Any CPU.Build.0 = Debug|Any CPU
		{468D9D51-DFE7-47A8-B0D6-52D035FC714D}.DebugKopiLua|Mixed Platforms.ActiveCfg = Debug|Any CPU
		{468D9D51-DFE7-47A8-B0D6-52D035FC714D}.DebugKopiLua|Mixed Platforms.Build.0 = Debug|Any CPU
		{468D9D51-DFE7-47A8-B0D6-52D035FC714D}.DebugKopiLua|x86.ActiveCfg = Debug|Any CPU
		{468D9D51-DFE7-47A8-B0D6-52D035FC714D}.DebugKopiLua|x86.Build.0 = Debug|Any CPU
		{468D9D51-DFE7-47A8-B0D6-52D035FC714D}.DebugWin|Any CPU.ActiveCfg = Debug|Any CPU
		{468D9D51-DFE7-47A8-B0D6-52D035FC714D}.DebugWin|Any CPU.Build.0 = Debug|Any CPU
		{468D9D51-DFE7-47A8-B0D6-52D035FC714D}.DebugWin|Mixed Platforms.ActiveCfg = Debug|Any CPU
		{468D9D51-DFE7-47A8-B0D6-52D035FC714D}.DebugWin|Mixed Platforms.Build.0 = Debug|Any CPU
		{468D9D51-DFE7-47A8-B0D6-52D035FC714D}.DebugWin|x86.ActiveCfg = Debug|Any CPU
		{468D9D51-DFE7-47A8-B0D6-52D035FC714D}.DebugWin|x86.Build.0 = Debug|Any CPU
		{468D9D51-DFE7-47A8-B0D6-52D035FC714D}.Publish|Any CPU.ActiveCfg = Release|Any CPU
		{468D9D51-DFE7-47A8-B0D6-52D035FC714D}.Publish|Any CPU.Build.0 = Release|Any CPU
		{468D9D51-DFE7-47A8-B0D6-52D035FC714D}.Publish|Mixed Platforms.ActiveCfg = Release|Any CPU
		{468D9D51-DFE7-47A8-B0D6-52D035FC714D}.Publish|Mixed Platforms.Build.0 = Release|Any CPU
		{468D9D51-DFE7-47A8-B0D6-52D035FC714D}.Publish|x86.ActiveCfg = Release|Any CPU
		{468D9D51-DFE7-47A8-B0D6-52D035FC714D}.Publish|x86.Build.0 = Release|Any CPU
		{468D9D51-DFE7-47A8-B0D6-52D035FC714D}.Release|Any CPU.ActiveCfg = Release|Any CPU
		{468D9D51-DFE7-47A8-B0D6-52D035FC714D}.Release|Any CPU.Build.0 = Release|Any CPU
		{468D9D51-DFE7-47A8-B0D6-52D035FC714D}.Release|Mixed Platforms.ActiveCfg = Release|Any CPU
		{468D9D51-DFE7-47A8-B0D6-52D035FC714D}.Release|Mixed Platforms.Build.0 = Release|Any CPU
		{468D9D51-DFE7-47A8-B0D6-52D035FC714D}.Release|x86.ActiveCfg = Release|Any CPU
		{468D9D51-DFE7-47A8-B0D6-52D035FC714D}.Release|x86.Build.0 = Release|Any CPU
		{468D9D51-DFE7-47A8-B0D6-52D035FC714D}.ReleaseKopiLua|Any CPU.ActiveCfg = Release|Any CPU
		{468D9D51-DFE7-47A8-B0D6-52D035FC714D}.ReleaseKopiLua|Any CPU.Build.0 = Release|Any CPU
		{468D9D51-DFE7-47A8-B0D6-52D035FC714D}.ReleaseKopiLua|Mixed Platforms.ActiveCfg = Release|Any CPU
		{468D9D51-DFE7-47A8-B0D6-52D035FC714D}.ReleaseKopiLua|Mixed Platforms.Build.0 = Release|Any CPU
		{468D9D51-DFE7-47A8-B0D6-52D035FC714D}.ReleaseKopiLua|x86.ActiveCfg = Release|Any CPU
		{468D9D51-DFE7-47A8-B0D6-52D035FC714D}.ReleaseKopiLua|x86.Build.0 = Release|Any CPU
		{468D9D51-DFE7-47A8-B0D6-52D035FC714D}.ReleaseWin|Any CPU.ActiveCfg = Release|Any CPU
		{468D9D51-DFE7-47A8-B0D6-52D035FC714D}.ReleaseWin|Any CPU.Build.0 = Release|Any CPU
		{468D9D51-DFE7-47A8-B0D6-52D035FC714D}.ReleaseWin|Mixed Platforms.ActiveCfg = Release|Any CPU
		{468D9D51-DFE7-47A8-B0D6-52D035FC714D}.ReleaseWin|Mixed Platforms.Build.0 = Release|Any CPU
		{468D9D51-DFE7-47A8-B0D6-52D035FC714D}.ReleaseWin|x86.ActiveCfg = Release|Any CPU
		{468D9D51-DFE7-47A8-B0D6-52D035FC714D}.ReleaseWin|x86.Build.0 = Release|Any CPU
		{1CF84E56-3BBE-4A3A-9234-5951BF2558C3}.Debug|Any CPU.ActiveCfg = Debug|Any CPU
		{1CF84E56-3BBE-4A3A-9234-5951BF2558C3}.Debug|Any CPU.Build.0 = Debug|Any CPU
		{1CF84E56-3BBE-4A3A-9234-5951BF2558C3}.Debug|Mixed Platforms.ActiveCfg = Debug|Any CPU
		{1CF84E56-3BBE-4A3A-9234-5951BF2558C3}.Debug|Mixed Platforms.Build.0 = Debug|Any CPU
		{1CF84E56-3BBE-4A3A-9234-5951BF2558C3}.Debug|x86.ActiveCfg = Debug|Any CPU
		{1CF84E56-3BBE-4A3A-9234-5951BF2558C3}.Debug|x86.Build.0 = Debug|Any CPU
		{1CF84E56-3BBE-4A3A-9234-5951BF2558C3}.DebugKopiLua|Any CPU.ActiveCfg = Debug|Any CPU
		{1CF84E56-3BBE-4A3A-9234-5951BF2558C3}.DebugKopiLua|Any CPU.Build.0 = Debug|Any CPU
		{1CF84E56-3BBE-4A3A-9234-5951BF2558C3}.DebugKopiLua|Mixed Platforms.ActiveCfg = Debug|Any CPU
		{1CF84E56-3BBE-4A3A-9234-5951BF2558C3}.DebugKopiLua|Mixed Platforms.Build.0 = Debug|Any CPU
		{1CF84E56-3BBE-4A3A-9234-5951BF2558C3}.DebugKopiLua|x86.ActiveCfg = Debug|Any CPU
		{1CF84E56-3BBE-4A3A-9234-5951BF2558C3}.DebugKopiLua|x86.Build.0 = Debug|Any CPU
		{1CF84E56-3BBE-4A3A-9234-5951BF2558C3}.DebugWin|Any CPU.ActiveCfg = Debug|Any CPU
		{1CF84E56-3BBE-4A3A-9234-5951BF2558C3}.DebugWin|Any CPU.Build.0 = Debug|Any CPU
		{1CF84E56-3BBE-4A3A-9234-5951BF2558C3}.DebugWin|Mixed Platforms.ActiveCfg = Debug|Any CPU
		{1CF84E56-3BBE-4A3A-9234-5951BF2558C3}.DebugWin|Mixed Platforms.Build.0 = Debug|Any CPU
		{1CF84E56-3BBE-4A3A-9234-5951BF2558C3}.DebugWin|x86.ActiveCfg = Debug|Any CPU
		{1CF84E56-3BBE-4A3A-9234-5951BF2558C3}.DebugWin|x86.Build.0 = Debug|Any CPU
		{1CF84E56-3BBE-4A3A-9234-5951BF2558C3}.Publish|Any CPU.ActiveCfg = Release|Any CPU
		{1CF84E56-3BBE-4A3A-9234-5951BF2558C3}.Publish|Any CPU.Build.0 = Release|Any CPU
		{1CF84E56-3BBE-4A3A-9234-5951BF2558C3}.Publish|Mixed Platforms.ActiveCfg = Release|Any CPU
		{1CF84E56-3BBE-4A3A-9234-5951BF2558C3}.Publish|Mixed Platforms.Build.0 = Release|Any CPU
		{1CF84E56-3BBE-4A3A-9234-5951BF2558C3}.Publish|x86.ActiveCfg = Release|Any CPU
		{1CF84E56-3BBE-4A3A-9234-5951BF2558C3}.Publish|x86.Build.0 = Release|Any CPU
		{1CF84E56-3BBE-4A3A-9234-5951BF2558C3}.Release|Any CPU.ActiveCfg = Release|Any CPU
		{1CF84E56-3BBE-4A3A-9234-5951BF2558C3}.Release|Any CPU.Build.0 = Release|Any CPU
		{1CF84E56-3BBE-4A3A-9234-5951BF2558C3}.Release|Mixed Platforms.ActiveCfg = Release|Any CPU
		{1CF84E56-3BBE-4A3A-9234-5951BF2558C3}.Release|Mixed Platforms.Build.0 = Release|Any CPU
		{1CF84E56-3BBE-4A3A-9234-5951BF2558C3}.Release|x86.ActiveCfg = Release|Any CPU
		{1CF84E56-3BBE-4A3A-9234-5951BF2558C3}.Release|x86.Build.0 = Release|Any CPU
		{1CF84E56-3BBE-4A3A-9234-5951BF2558C3}.ReleaseKopiLua|Any CPU.ActiveCfg = Release|Any CPU
		{1CF84E56-3BBE-4A3A-9234-5951BF2558C3}.ReleaseKopiLua|Any CPU.Build.0 = Release|Any CPU
		{1CF84E56-3BBE-4A3A-9234-5951BF2558C3}.ReleaseKopiLua|Mixed Platforms.ActiveCfg = Release|Any CPU
		{1CF84E56-3BBE-4A3A-9234-5951BF2558C3}.ReleaseKopiLua|Mixed Platforms.Build.0 = Release|Any CPU
		{1CF84E56-3BBE-4A3A-9234-5951BF2558C3}.ReleaseKopiLua|x86.ActiveCfg = Release|Any CPU
		{1CF84E56-3BBE-4A3A-9234-5951BF2558C3}.ReleaseKopiLua|x86.Build.0 = Release|Any CPU
		{1CF84E56-3BBE-4A3A-9234-5951BF2558C3}.ReleaseWin|Any CPU.ActiveCfg = Release|Any CPU
		{1CF84E56-3BBE-4A3A-9234-5951BF2558C3}.ReleaseWin|Any CPU.Build.0 = Release|Any CPU
		{1CF84E56-3BBE-4A3A-9234-5951BF2558C3}.ReleaseWin|Mixed Platforms.ActiveCfg = Release|Any CPU
		{1CF84E56-3BBE-4A3A-9234-5951BF2558C3}.ReleaseWin|Mixed Platforms.Build.0 = Release|Any CPU
		{1CF84E56-3BBE-4A3A-9234-5951BF2558C3}.ReleaseWin|x86.ActiveCfg = Release|Any CPU
		{1CF84E56-3BBE-4A3A-9234-5951BF2558C3}.ReleaseWin|x86.Build.0 = Release|Any CPU
		{74D4C33F-7CC8-4B2A-A7DF-D8B6E63B6EBD}.Debug|Any CPU.ActiveCfg = Debug|Any CPU
		{74D4C33F-7CC8-4B2A-A7DF-D8B6E63B6EBD}.Debug|Any CPU.Build.0 = Debug|Any CPU
		{74D4C33F-7CC8-4B2A-A7DF-D8B6E63B6EBD}.Debug|Mixed Platforms.ActiveCfg = Debug|Any CPU
		{74D4C33F-7CC8-4B2A-A7DF-D8B6E63B6EBD}.Debug|Mixed Platforms.Build.0 = Debug|Any CPU
		{74D4C33F-7CC8-4B2A-A7DF-D8B6E63B6EBD}.Debug|x86.ActiveCfg = Debug|Any CPU
		{74D4C33F-7CC8-4B2A-A7DF-D8B6E63B6EBD}.Debug|x86.Build.0 = Debug|Any CPU
		{74D4C33F-7CC8-4B2A-A7DF-D8B6E63B6EBD}.DebugKopiLua|Any CPU.ActiveCfg = Debug|Any CPU
		{74D4C33F-7CC8-4B2A-A7DF-D8B6E63B6EBD}.DebugKopiLua|Any CPU.Build.0 = Debug|Any CPU
		{74D4C33F-7CC8-4B2A-A7DF-D8B6E63B6EBD}.DebugKopiLua|Mixed Platforms.ActiveCfg = Debug|Any CPU
		{74D4C33F-7CC8-4B2A-A7DF-D8B6E63B6EBD}.DebugKopiLua|Mixed Platforms.Build.0 = Debug|Any CPU
		{74D4C33F-7CC8-4B2A-A7DF-D8B6E63B6EBD}.DebugKopiLua|x86.ActiveCfg = Debug|Any CPU
		{74D4C33F-7CC8-4B2A-A7DF-D8B6E63B6EBD}.DebugKopiLua|x86.Build.0 = Debug|Any CPU
		{74D4C33F-7CC8-4B2A-A7DF-D8B6E63B6EBD}.DebugWin|Any CPU.ActiveCfg = Debug|Any CPU
		{74D4C33F-7CC8-4B2A-A7DF-D8B6E63B6EBD}.DebugWin|Any CPU.Build.0 = Debug|Any CPU
		{74D4C33F-7CC8-4B2A-A7DF-D8B6E63B6EBD}.DebugWin|Mixed Platforms.ActiveCfg = Debug|Any CPU
		{74D4C33F-7CC8-4B2A-A7DF-D8B6E63B6EBD}.DebugWin|Mixed Platforms.Build.0 = Debug|Any CPU
		{74D4C33F-7CC8-4B2A-A7DF-D8B6E63B6EBD}.DebugWin|x86.ActiveCfg = Debug|Any CPU
		{74D4C33F-7CC8-4B2A-A7DF-D8B6E63B6EBD}.DebugWin|x86.Build.0 = Debug|Any CPU
		{74D4C33F-7CC8-4B2A-A7DF-D8B6E63B6EBD}.Publish|Any CPU.ActiveCfg = Publish|Any CPU
		{74D4C33F-7CC8-4B2A-A7DF-D8B6E63B6EBD}.Publish|Any CPU.Build.0 = Publish|Any CPU
		{74D4C33F-7CC8-4B2A-A7DF-D8B6E63B6EBD}.Publish|Mixed Platforms.ActiveCfg = Publish|Any CPU
		{74D4C33F-7CC8-4B2A-A7DF-D8B6E63B6EBD}.Publish|Mixed Platforms.Build.0 = Publish|Any CPU
		{74D4C33F-7CC8-4B2A-A7DF-D8B6E63B6EBD}.Publish|x86.ActiveCfg = Publish|Any CPU
		{74D4C33F-7CC8-4B2A-A7DF-D8B6E63B6EBD}.Publish|x86.Build.0 = Publish|Any CPU
		{74D4C33F-7CC8-4B2A-A7DF-D8B6E63B6EBD}.Release|Any CPU.ActiveCfg = Release|Any CPU
		{74D4C33F-7CC8-4B2A-A7DF-D8B6E63B6EBD}.Release|Any CPU.Build.0 = Release|Any CPU
		{74D4C33F-7CC8-4B2A-A7DF-D8B6E63B6EBD}.Release|Mixed Platforms.ActiveCfg = Release|Any CPU
		{74D4C33F-7CC8-4B2A-A7DF-D8B6E63B6EBD}.Release|Mixed Platforms.Build.0 = Release|Any CPU
		{74D4C33F-7CC8-4B2A-A7DF-D8B6E63B6EBD}.Release|x86.ActiveCfg = Release|Any CPU
		{74D4C33F-7CC8-4B2A-A7DF-D8B6E63B6EBD}.Release|x86.Build.0 = Release|Any CPU
		{74D4C33F-7CC8-4B2A-A7DF-D8B6E63B6EBD}.ReleaseKopiLua|Any CPU.ActiveCfg = Release|Any CPU
		{74D4C33F-7CC8-4B2A-A7DF-D8B6E63B6EBD}.ReleaseKopiLua|Any CPU.Build.0 = Release|Any CPU
		{74D4C33F-7CC8-4B2A-A7DF-D8B6E63B6EBD}.ReleaseKopiLua|Mixed Platforms.ActiveCfg = Release|Any CPU
		{74D4C33F-7CC8-4B2A-A7DF-D8B6E63B6EBD}.ReleaseKopiLua|Mixed Platforms.Build.0 = Release|Any CPU
		{74D4C33F-7CC8-4B2A-A7DF-D8B6E63B6EBD}.ReleaseKopiLua|x86.ActiveCfg = Release|Any CPU
		{74D4C33F-7CC8-4B2A-A7DF-D8B6E63B6EBD}.ReleaseKopiLua|x86.Build.0 = Release|Any CPU
		{74D4C33F-7CC8-4B2A-A7DF-D8B6E63B6EBD}.ReleaseWin|Any CPU.ActiveCfg = Release|Any CPU
		{74D4C33F-7CC8-4B2A-A7DF-D8B6E63B6EBD}.ReleaseWin|Any CPU.Build.0 = Release|Any CPU
		{74D4C33F-7CC8-4B2A-A7DF-D8B6E63B6EBD}.ReleaseWin|Mixed Platforms.ActiveCfg = Release|Any CPU
		{74D4C33F-7CC8-4B2A-A7DF-D8B6E63B6EBD}.ReleaseWin|Mixed Platforms.Build.0 = Release|Any CPU
		{74D4C33F-7CC8-4B2A-A7DF-D8B6E63B6EBD}.ReleaseWin|x86.ActiveCfg = Release|Any CPU
		{74D4C33F-7CC8-4B2A-A7DF-D8B6E63B6EBD}.ReleaseWin|x86.Build.0 = Release|Any CPU
	EndGlobalSection
	GlobalSection(SolutionProperties) = preSolution
		HideSolutionNode = FALSE
	EndGlobalSection
	GlobalSection(SubversionScc) = preSolution
		Svn-Managed = True
		Manager = AnkhSVN - Subversion Support for Visual Studio
	EndGlobalSection
EndGlobal
