
Microsoft Visual Studio Solution File, Format Version 12.00
# Visual Studio 14
VisualStudioVersion = 14.0.24720.0
MinimumVisualStudioVersion = 10.0.40219.1
Project("{FAE04EC0-301F-11D3-BF4B-00C04F79EFBC}") = "Pokemon.3D.Server.Client.Updater", "Pokemon.3D.Server.Client.Updater\Pokemon.3D.Server.Client.Updater.csproj", "{6B462F07-FB93-4ABF-A7A3-454E570AE2B8}"
EndProject
Project("{FAE04EC0-301F-11D3-BF4B-00C04F79EFBC}") = "Pokemon.3D.Server.Core", "Pokemon.3D.Server.Core\Pokemon.3D.Server.Core.csproj", "{332AADB0-98CE-4FD6-A63A-577FDAA7C9EC}"
EndProject
Project("{FAE04EC0-301F-11D3-BF4B-00C04F79EFBC}") = "Pokemon.3D.Server.Client.GUI", "Pokemon.3D.Server.Client.GUI\Pokemon.3D.Server.Client.GUI.csproj", "{4A4B2EEF-A7E4-4ADC-9BA8-5926C67FA560}"
EndProject
Project("{FAE04EC0-301F-11D3-BF4B-00C04F79EFBC}") = "SmartThreadPool", "SmartThreadPool\SmartThreadPool\SmartThreadPool.csproj", "{74D4C33F-7CC8-4B2A-A7DF-D8B6E63B6EBD}"
EndProject
Global
	GlobalSection(SolutionConfigurationPlatforms) = preSolution
		Debug|Any CPU = Debug|Any CPU
		Release|Any CPU = Release|Any CPU
	EndGlobalSection
	GlobalSection(ProjectConfigurationPlatforms) = postSolution
		{6B462F07-FB93-4ABF-A7A3-454E570AE2B8}.Debug|Any CPU.ActiveCfg = Debug|Any CPU
		{6B462F07-FB93-4ABF-A7A3-454E570AE2B8}.Debug|Any CPU.Build.0 = Debug|Any CPU
		{6B462F07-FB93-4ABF-A7A3-454E570AE2B8}.Release|Any CPU.ActiveCfg = Release|Any CPU
		{6B462F07-FB93-4ABF-A7A3-454E570AE2B8}.Release|Any CPU.Build.0 = Release|Any CPU
		{332AADB0-98CE-4FD6-A63A-577FDAA7C9EC}.Debug|Any CPU.ActiveCfg = Debug|Any CPU
		{332AADB0-98CE-4FD6-A63A-577FDAA7C9EC}.Debug|Any CPU.Build.0 = Debug|Any CPU
		{332AADB0-98CE-4FD6-A63A-577FDAA7C9EC}.Release|Any CPU.ActiveCfg = Release|Any CPU
		{332AADB0-98CE-4FD6-A63A-577FDAA7C9EC}.Release|Any CPU.Build.0 = Release|Any CPU
		{4A4B2EEF-A7E4-4ADC-9BA8-5926C67FA560}.Debug|Any CPU.ActiveCfg = Debug|Any CPU
		{4A4B2EEF-A7E4-4ADC-9BA8-5926C67FA560}.Debug|Any CPU.Build.0 = Debug|Any CPU
		{4A4B2EEF-A7E4-4ADC-9BA8-5926C67FA560}.Release|Any CPU.ActiveCfg = Release|Any CPU
		{4A4B2EEF-A7E4-4ADC-9BA8-5926C67FA560}.Release|Any CPU.Build.0 = Release|Any CPU
		{74D4C33F-7CC8-4B2A-A7DF-D8B6E63B6EBD}.Debug|Any CPU.ActiveCfg = Debug|Any CPU
		{74D4C33F-7CC8-4B2A-A7DF-D8B6E63B6EBD}.Debug|Any CPU.Build.0 = Debug|Any CPU
		{74D4C33F-7CC8-4B2A-A7DF-D8B6E63B6EBD}.Release|Any CPU.ActiveCfg = Release|Any CPU
		{74D4C33F-7CC8-4B2A-A7DF-D8B6E63B6EBD}.Release|Any CPU.Build.0 = Release|Any CPU
	EndGlobalSection
	GlobalSection(SolutionProperties) = preSolution
		HideSolutionNode = FALSE
	EndGlobalSection
	GlobalSection(SubversionScc) = preSolution
		Svn-Managed = True
		Manager = AnkhSVN - Subversion Support for Visual Studio
	EndGlobalSection
EndGlobal
