
Microsoft Visual Studio Solution File, Format Version 12.00
# Visual Studio 14
VisualStudioVersion = 14.0.23107.0
MinimumVisualStudioVersion = 10.0.40219.1
Project("{FAE04EC0-301F-11D3-BF4B-00C04F79EFBC}") = "Pokémon 3D Server Client", "Pokémon 3D Server Client\Pokémon 3D Server Client.csproj", "{6B462F07-FB93-4ABF-A7A3-454E570AE2B8}"
EndProject
Project("{FAE04EC0-301F-11D3-BF4B-00C04F79EFBC}") = "Pokémon 3D Server Core", "Pokémon 3D Server Core\Pokémon 3D Server Core.csproj", "{332AADB0-98CE-4FD6-A63A-577FDAA7C9EC}"
EndProject
Global
	GlobalSection(SolutionConfigurationPlatforms) = preSolution
		Debug|Any CPU = Debug|Any CPU
		Release|Any CPU = Release|Any CPU
	EndGlobalSection
	GlobalSection(ProjectConfigurationPlatforms) = postSolution
		{6B462F07-FB93-4ABF-A7A3-454E570AE2B8}.Debug|Any CPU.ActiveCfg = Debug|Any CPU
		{6B462F07-FB93-4ABF-A7A3-454E570AE2B8}.Debug|Any CPU.Build.0 = Debug|Any CPU
		{6B462F07-FB93-4ABF-A7A3-454E570AE2B8}.Release|Any CPU.ActiveCfg = Release|Any CPU
		{6B462F07-FB93-4ABF-A7A3-454E570AE2B8}.Release|Any CPU.Build.0 = Release|Any CPU
		{332AADB0-98CE-4FD6-A63A-577FDAA7C9EC}.Debug|Any CPU.ActiveCfg = Debug|Any CPU
		{332AADB0-98CE-4FD6-A63A-577FDAA7C9EC}.Debug|Any CPU.Build.0 = Debug|Any CPU
		{332AADB0-98CE-4FD6-A63A-577FDAA7C9EC}.Release|Any CPU.ActiveCfg = Release|Any CPU
		{332AADB0-98CE-4FD6-A63A-577FDAA7C9EC}.Release|Any CPU.Build.0 = Release|Any CPU
	EndGlobalSection
	GlobalSection(SolutionProperties) = preSolution
		HideSolutionNode = FALSE
	EndGlobalSection
EndGlobal
